
Microsoft Visual Studio Solution File, Format Version 12.00
# Visual Studio Version 16
VisualStudioVersion = 16.0.30804.86
MinimumVisualStudioVersion = 10.0.40219.1
Project("{FAE04EC0-301F-11D3-BF4B-00C04F79EFBC}") = "ClassMetotDemo2", "ClassMetotDemo2\ClassMetotDemo2.csproj", "{A2CAF227-CE7E-49ED-90B9-E18EFD21136E}"
EndProject
Global
	GlobalSection(SolutionConfigurationPlatforms) = preSolution
		Debug|Any CPU = Debug|Any CPU
		Release|Any CPU = Release|Any CPU
	EndGlobalSection
	GlobalSection(ProjectConfigurationPlatforms) = postSolution
		{A2CAF227-CE7E-49ED-90B9-E18EFD21136E}.Debug|Any CPU.ActiveCfg = Debug|Any CPU
		{A2CAF227-CE7E-49ED-90B9-E18EFD21136E}.Debug|Any CPU.Build.0 = Debug|Any CPU
		{A2CAF227-CE7E-49ED-90B9-E18EFD21136E}.Release|Any CPU.ActiveCfg = Release|Any CPU
		{A2CAF227-CE7E-49ED-90B9-E18EFD21136E}.Release|Any CPU.Build.0 = Release|Any CPU
	EndGlobalSection
	GlobalSection(SolutionProperties) = preSolution
		HideSolutionNode = FALSE
	EndGlobalSection
	GlobalSection(ExtensibilityGlobals) = postSolution
		SolutionGuid = {2274DA92-38B7-484C-AB50-B98D331E88D1}
	EndGlobalSection
EndGlobal
